
Microsoft Visual Studio Solution File, Format Version 12.00
# Visual Studio Version 16
VisualStudioVersion = 16.0.29424.173
MinimumVisualStudioVersion = 10.0.40219.1
Project("{9A19103F-16F7-4668-BE54-9A1E7A4F7556}") = "ThaniyasApp", "ThaniyasApp\ThaniyasApp.csproj", "{BAA70467-3762-42A9-84E0-B5EDF6E63AD0}"
EndProject
Global
	GlobalSection(SolutionConfigurationPlatforms) = preSolution
		Debug|Any CPU = Debug|Any CPU
		Release|Any CPU = Release|Any CPU
	EndGlobalSection
	GlobalSection(ProjectConfigurationPlatforms) = postSolution
		{BAA70467-3762-42A9-84E0-B5EDF6E63AD0}.Debug|Any CPU.ActiveCfg = Debug|Any CPU
		{BAA70467-3762-42A9-84E0-B5EDF6E63AD0}.Debug|Any CPU.Build.0 = Debug|Any CPU
		{BAA70467-3762-42A9-84E0-B5EDF6E63AD0}.Release|Any CPU.ActiveCfg = Release|Any CPU
		{BAA70467-3762-42A9-84E0-B5EDF6E63AD0}.Release|Any CPU.Build.0 = Release|Any CPU
	EndGlobalSection
	GlobalSection(SolutionProperties) = preSolution
		HideSolutionNode = FALSE
	EndGlobalSection
	GlobalSection(ExtensibilityGlobals) = postSolution
		SolutionGuid = {CD15D9B7-CA28-438E-A9CA-E6255A1DBD8C}
	EndGlobalSection
EndGlobal
